lockfileVersion: 5.3

specifiers:
  '@ant-design/icons': ^4.7.0

dependencies:
  '@ant-design/icons': 4.7.0

packages:

  /@ant-design/colors/6.0.0:
    resolution: {integrity: sha512-qAZRvPzfdWHtfameEGP2Qvuf838NhergR35o+EuVyB5XvSA98xod5r4utvi4TJ3ywmevm290g9nsCG5MryrdWQ==}
    dependencies:
      '@ctrl/tinycolor': 3.4.0
    dev: false

  /@ant-design/icons-svg/4.2.1:
    resolution: {integrity: sha512-EB0iwlKDGpG93hW8f85CTJTs4SvMX7tt5ceupvhALp1IF44SeUFOMhKUOYqpsoYWQKAOuTRDMqn75rEaKDp0Xw==}
    dev: false

  /@ant-design/icons/4.7.0:
    resolution: {integrity: sha512-aoB4Z7JA431rt6d4u+8xcNPPCrdufSRMUOpxa1ab6mz1JCQZOEVolj2WVs/tDFmN62zzK30mNelEsprLYsSF3g==}
    engines: {node: '>=8'}
    peerDependencies:
      react: '>=16.0.0'
      react-dom: '>=16.0.0'
    dependencies:
      '@ant-design/colors': 6.0.0
      '@ant-design/icons-svg': 4.2.1
      '@babel/runtime': 7.16.7
      classnames: 2.3.1
      rc-util: 5.16.1
    dev: false

  /@babel/runtime/7.16.7:
    resolution: {integrity: sha512-9E9FJowqAsytyOY6LG+1KuueckRL+aQW+mKvXRXnuFGyRAyepJPmEo9vgMfXUA6O9u3IeEdv9MAkppFcaQwogQ==}
    engines: {node: '>=6.9.0'}
    dependencies:
      regenerator-runtime: 0.13.9
    dev: false

  /@ctrl/tinycolor/3.4.0:
    resolution: {integrity: sha512-JZButFdZ1+/xAfpguQHoabIXkcqRRKpMrWKBkpEZZyxfY9C1DpADFB8PEqGSTeFr135SaTRfKqGKx5xSCLI7ZQ==}
    engines: {node: '>=10'}
    dev: false

  /classnames/2.3.1:
    resolution: {integrity: sha512-OlQdbZ7gLfGarSqxesMesDa5uz7KFbID8Kpq/SxIoNGDqY8lSYs0D+hhtBXhcdB3rcbXArFr7vlHheLk1voeNA==}
    dev: false

  /rc-util/5.16.1:
    resolution: {integrity: sha512-kSCyytvdb3aRxQacS/71ta6c+kBWvM1v8/2h9d/HaNWauc3qB8pLnF20PJ8NajkNN8gb+rR1l0eWO+D4Pz+LLQ==}
    peerDependencies:
      react: '>=16.9.0'
      react-dom: '>=16.9.0'
    dependencies:
      '@babel/runtime': 7.16.7
      react-is: 16.13.1
      shallowequal: 1.1.0
    dev: false

  /react-is/16.13.1:
    resolution: {integrity: sha512-24e6ynE2H+OKt4kqsOvNd8kBpV65zoxbA4BVsEOB3ARVWQki/DHzaUoC5KuON/BiccDaCCTZBuOcfZs70kR8bQ==}
    dev: false

  /regenerator-runtime/0.13.9:
    resolution: {integrity: sha512-p3VT+cOEgxFsRRA9X4lkI1E+k2/CtnKtU4gcxyaCUreilL/vqI6CdZ3wxVUx3UOUg+gnUOQQcRI7BmSI656MYA==}
    dev: false

  /shallowequal/1.1.0:
    resolution: {integrity: sha512-y0m1JoUZSlPAjXVtPPW70aZWfIL/dSP7AFkRnniLCrK/8MDKog3TySTBmckD+RObVxH0v4Tox67+F14PdED2oQ==}
    dev: false
